
Microsoft Visual Studio Solution File, Format Version 12.00
# Visual Studio 15
VisualStudioVersion = 15.0.28307.329
MinimumVisualStudioVersion = 10.0.40219.1
Project("{FAE04EC0-301F-11D3-BF4B-00C04F79EFBC}") = "PrecarpathianUniversity.CE41.PV.PRACTICE", "PrecarpathianUniversity.CI41.PV.PRACTICE\PrecarpathianUniversity.CE41.PV.PRACTICE.csproj", "{73ECFE40-6EF5-4C49-80D0-96AF75227CB6}"
EndProject
Global
	GlobalSection(SolutionConfigurationPlatforms) = preSolution
		Debug|Any CPU = Debug|Any CPU
		Release|Any CPU = Release|Any CPU
	EndGlobalSection
	GlobalSection(ProjectConfigurationPlatforms) = postSolution
		{73ECFE40-6EF5-4C49-80D0-96AF75227CB6}.Debug|Any CPU.ActiveCfg = Debug|Any CPU
		{73ECFE40-6EF5-4C49-80D0-96AF75227CB6}.Debug|Any CPU.Build.0 = Debug|Any CPU
		{73ECFE40-6EF5-4C49-80D0-96AF75227CB6}.Release|Any CPU.ActiveCfg = Release|Any CPU
		{73ECFE40-6EF5-4C49-80D0-96AF75227CB6}.Release|Any CPU.Build.0 = Release|Any CPU
	EndGlobalSection
	GlobalSection(SolutionProperties) = preSolution
		HideSolutionNode = FALSE
	EndGlobalSection
	GlobalSection(ExtensibilityGlobals) = postSolution
		SolutionGuid = {2A0FFBC0-1B54-423B-8E34-CE39320DB267}
	EndGlobalSection
EndGlobal
